lockfileVersion: '9.0'

settings:
  autoInstallPeers: true
  excludeLinksFromLockfile: false

importers:

  .: {}

  packages/bar: {}

  packages/foo:
    dependencies:
      '@jiek/test-monorepo-bar':
        specifier: workspace:*
        version: link:../bar

  packages/fuo:
    devDependencies:
      '@jiek/test-monorepo-bar':
        specifier: workspace:^*
        version: link:../bar

  packages/fuu:
    devDependencies:
      '@jiek/test-monorepo-bar':
        specifier: workspace:^*
        version: link:../bar
