lockfileVersion: '6.0'

settings:
  autoInstallPeers: true
  excludeLinksFromLockfile: false

dependencies:
  single-package-and-multiple-entries:
    specifier: file:.
    version: 'file:'

devDependencies:
  jiek:
    specifier: ln:../../../../../
    version: link:../../..

packages:

  'file:':
    resolution: {directory: '', type: directory}
    name: single-package-and-multiple-entries
    dev: false
