lockfileVersion: '6.0'

settings:
  autoInstallPeers: true
  excludeLinksFromLockfile: false

dependencies:
  unordered-exports_input:
    specifier: file:.
    version: 'file:'

devDependencies:
  jiek:
    specifier: ln:../../../../../
    version: link:../../..

packages:

  'file:':
    resolution: {directory: '', type: directory}
    name: unordered-exports_input
    dev: false
